// !$*UTF8*$!
{
	archiveVersion = 1;
	classes = {
	};
	objectVersion = 50;
	objects = {

/* Begin PBXBuildFile section */
		14CFDC3971B88A650EFF47B7 /* Pods_HistoMaps.framework in Frameworks */ = {isa = PBXBuildFile; fileRef = 638F2F0D68AEB0E35D81DCD1 /* Pods_HistoMaps.framework */; };
		8C8876FB2133B5D90082A73C /* AppDelegate.swift in Sources */ = {isa = PBXBuildFile; fileRef = 8C8876FA2133B5D90082A73C /* AppDelegate.swift */; };
		8C8876FD2133B5D90082A73C /* ViewController.swift in Sources */ = {isa = PBXBuildFile; fileRef = 8C8876FC2133B5D90082A73C /* ViewController.swift */; };
		8C8877002133B5D90082A73C /* Main.storyboard in Resources */ = {isa = PBXBuildFile; fileRef = 8C8876FE2133B5D90082A73C /* Main.storyboard */; };
		8C8877022133B5DB0082A73C /* Assets.xcassets in Resources */ = {isa = PBXBuildFile; fileRef = 8C8877012133B5DB0082A73C /* Assets.xcassets */; };
		8C8877052133B5DB0082A73C /* LaunchScreen.storyboard in Resources */ = {isa = PBXBuildFile; fileRef = 8C8877032133B5DB0082A73C /* LaunchScreen.storyboard */; };
/* End PBXBuildFile section */

/* Begin PBXFileReference section */
		20F2EF89BA715B44F58EF3F2 /* Pods-HistoMaps.release.xcconfig */ = {isa = PBXFileReference; includeInIndex = 1; lastKnownFileType = text.xcconfig; name = "Pods-HistoMaps.release.xcconfig"; path = "Pods/Target Support Files/Pods-HistoMaps/Pods-HistoMaps.release.xcconfig"; sourceTree = "<group>"; };
		638F2F0D68AEB0E35D81DCD1 /* Pods_HistoMaps.framework */ = {isa = PBXFileReference; explicitFileType = wrapper.framework; includeInIndex = 0; path = Pods_HistoMaps.framework; sourceTree = BUILT_PRODUCTS_DIR; };
		693E303AA658A26ED20777A0 /* Pods-HistoMaps.debug.xcconfig */ = {isa = PBXFileReference; includeInIndex = 1; lastKnownFileType = text.xcconfig; name = "Pods-HistoMaps.debug.xcconfig"; path = "Pods/Target Support Files/Pods-HistoMaps/Pods-HistoMaps.debug.xcconfig"; sourceTree = "<group>"; };
		8C8876F72133B5D90082A73C /* HistoMaps.app */ = {isa = PBXFileReference; explicitFileType = wrapper.application; includeInIndex = 0; path = HistoMaps.app; sourceTree = BUILT_PRODUCTS_DIR; };
		8C8876FA2133B5D90082A73C /* AppDelegate.swift */ = {isa = PBXFileReference; lastKnownFileType = sourcecode.swift; path = AppDelegate.swift; sourceTree = "<group>"; };
		8C8876FC2133B5D90082A73C /* ViewController.swift */ = {isa = PBXFileReference; lastKnownFileType = sourcecode.swift; path = ViewController.swift; sourceTree = "<group>"; };
		8C8876FF2133B5D90082A73C /* Base */ = {isa = PBXFileReference; lastKnownFileType = file.storyboard; name = Base; path = Base.lproj/Main.storyboard; sourceTree = "<group>"; };
		8C8877012133B5DB0082A73C /* Assets.xcassets */ = {isa = PBXFileReference; lastKnownFileType = folder.assetcatalog; path = Assets.xcassets; sourceTree = "<group>"; };
		8C8877042133B5DB0082A73C /* Base */ = {isa = PBXFileReference; lastKnownFileType = file.storyboard; name = Base; path = Base.lproj/LaunchScreen.storyboard; sourceTree = "<group>"; };
		8C8877062133B5DB0082A73C /* Info.plist */ = {isa = PBXFileReference; lastKnownFileType = text.plist.xml; path = Info.plist; sourceTree = "<group>"; };
/* End PBXFileReference section */

/* Begin PBXFrameworksBuildPhase section */
		8C8876F42133B5D90082A73C /* Frameworks */ = {
			isa = PBXFrameworksBuildPhase;
			buildActionMask = 2147483647;
			files = (
				14CFDC3971B88A650EFF47B7 /* Pods_HistoMaps.framework in Frameworks */,
			);
			runOnlyForDeploymentPostprocessing = 0;
		};
/* End PBXFrameworksBuildPhase section */

/* Begin PBXGroup section */
		7D30E0E97D2246E120E754A7 /* Pods */ = {
			isa = PBXGroup;
			children = (
				693E303AA658A26ED20777A0 /* Pods-HistoMaps.debug.xcconfig */,
				20F2EF89BA715B44F58EF3F2 /* Pods-HistoMaps.release.xcconfig */,
			);
			name = Pods;
			sourceTree = "<group>";
		};
		8C8876EE2133B5D90082A73C = {
			isa = PBXGroup;
			children = (
				8C8876F92133B5D90082A73C /* HistoMaps */,
				8C8876F82133B5D90082A73C /* Products */,
				7D30E0E97D2246E120E754A7 /* Pods */,
				9FBAEE6CA26F23F27DC82E29 /* Frameworks */,
			);
			sourceTree = "<group>";
		};
		8C8876F82133B5D90082A73C /* Products */ = {
			isa = PBXGroup;
			children = (
				8C8876F72133B5D90082A73C /* HistoMaps.app */,
			);
			name = Products;
			sourceTree = "<group>";
		};
		8C8876F92133B5D90082A73C /* HistoMaps */ = {
			isa = PBXGroup;
			children = (
				8C88770C2133B89D0082A73C /* View */,
				8C8876FA2133B5D90082A73C /* AppDelegate.swift */,
				8C8876FC2133B5D90082A73C /* ViewController.swift */,
				8C8876FE2133B5D90082A73C /* Main.storyboard */,
				8C8877012133B5DB0082A73C /* Assets.xcassets */,
				8C8877032133B5DB0082A73C /* LaunchScreen.storyboard */,
				8C8877062133B5DB0082A73C /* Info.plist */,
			);
			path = HistoMaps;
			sourceTree = "<group>";
		};
		8C88770C2133B89D0082A73C /* View */ = {
			isa = PBXGroup;
			children = (
			);
			path = View;
			sourceTree = "<group>";
		};
		9FBAEE6CA26F23F27DC82E29 /* Frameworks */ = {
			isa = PBXGroup;
			children = (
				638F2F0D68AEB0E35D81DCD1 /* Pods_HistoMaps.framework */,
			);
			name = Frameworks;
			sourceTree = "<group>";
		};
/* End PBXGroup section */

/* Begin PBXNativeTarget section */
		8C8876F62133B5D90082A73C /* HistoMaps */ = {
			isa = PBXNativeTarget;
			buildConfigurationList = 8C8877092133B5DB0082A73C /* Build configuration list for PBXNativeTarget "HistoMaps" */;
			buildPhases = (
				1C0489C905F2DDAE49791F98 /* [CP] Check Pods Manifest.lock */,
				8C8876F32133B5D90082A73C /* Sources */,
				8C8876F42133B5D90082A73C /* Frameworks */,
				8C8876F52133B5D90082A73C /* Resources */,
				4CEE685951CBDCFC6EA29B02 /* [CP] Embed Pods Frameworks */,
			);
			buildRules = (
			);
			dependencies = (
			);
			name = HistoMaps;
			productName = HistoMaps;
			productReference = 8C8876F72133B5D90082A73C /* HistoMaps.app */;
			productType = "com.apple.product-type.application";
		};
/* End PBXNativeTarget section */

/* Begin PBXProject section */
		8C8876EF2133B5D90082A73C /* Project object */ = {
			isa = PBXProject;
			attributes = {
				LastSwiftUpdateCheck = 0940;
				LastUpgradeCheck = 0940;
				ORGANIZATIONNAME = "Michael Dugan";
				TargetAttributes = {
					8C8876F62133B5D90082A73C = {
						CreatedOnToolsVersion = 9.4.1;
					};
				};
			};
			buildConfigurationList = 8C8876F22133B5D90082A73C /* Build configuration list for PBXProject "HistoMaps" */;
			compatibilityVersion = "Xcode 9.3";
			developmentRegion = en;
			hasScannedForEncodings = 0;
			knownRegions = (
				en,
				Base,
			);
			mainGroup = 8C8876EE2133B5D90082A73C;
			productRefGroup = 8C8876F82133B5D90082A73C /* Products */;
			projectDirPath = "";
			projectRoot = "";
			targets = (
				8C8876F62133B5D90082A73C /* HistoMaps */,
			);
		};
/* End PBXProject section */

/* Begin PBXResourcesBuildPhase section */
		8C8876F52133B5D90082A73C /* Resources */ = {
			isa = PBXResourcesBuildPhase;
			buildActionMask = 2147483647;
			files = (
				8C8877052133B5DB0082A73C /* LaunchScreen.storyboard in Resources */,
				8C8877022133B5DB0082A73C /* Assets.xcassets in Resources */,
				8C8877002133B5D90082A73C /* Main.storyboard in Resources */,
			);
			runOnlyForDeploymentPostprocessing = 0;
		};
/* End PBXResourcesBuildPhase section */

/* Begin PBXShellScriptBuildPhase section */
		1C0489C905F2DDAE49791F98 /* [CP] Check Pods Manifest.lock */ = {
			isa = PBXShellScriptBuildPhase;
			buildActionMask = 2147483647;
			files = (
			);
			inputPaths = (
				"${PODS_PODFILE_DIR_PATH}/Podfile.lock",
				"${PODS_ROOT}/Manifest.lock",
			);
			name = "[CP] Check Pods Manifest.lock";
			outputPaths = (
				"$(DERIVED_FILE_DIR)/Pods-HistoMaps-checkManifestLockResult.txt",
			);
			runOnlyForDeploymentPostprocessing = 0;
			shellPath = /bin/sh;
			shellScript = "diff \"${PODS_PODFILE_DIR_PATH}/Podfile.lock\" \"${PODS_ROOT}/Manifest.lock\" > /dev/null\nif [ $? != 0 ] ; then\n    # print error to STDERR\n    echo \"error: The sandbox is not in sync with the Podfile.lock. Run 'pod install' or update your CocoaPods installation.\" >&2\n    exit 1\nfi\n# This output is used by Xcode 'outputs' to avoid re-running this script phase.\necho \"SUCCESS\" > \"${SCRIPT_OUTPUT_FILE_0}\"\n";
			showEnvVarsInLog = 0;
		};
		4CEE685951CBDCFC6EA29B02 /* [CP] Embed Pods Frameworks */ = {
			isa = PBXShellScriptBuildPhase;
			buildActionMask = 2147483647;
			files = (
			);
			inputPaths = (
				"${SRCROOT}/Pods/Target Support Files/Pods-HistoMaps/Pods-HistoMaps-frameworks.sh",
				"${PODS_ROOT}/Mapbox-iOS-SDK/dynamic/Mapbox.framework",
				"${PODS_ROOT}/Mapbox-iOS-SDK/dynamic/Mapbox.framework.dSYM",
			);
			name = "[CP] Embed Pods Frameworks";
			outputPaths = (
				"${TARGET_BUILD_DIR}/${FRAMEWORKS_FOLDER_PATH}/Mapbox.framework",
				"${DWARF_DSYM_FOLDER_PATH}/Mapbox.framework.dSYM",
			);
			runOnlyForDeploymentPostprocessing = 0;
			shellPath = /bin/sh;
			shellScript = "\"${SRCROOT}/Pods/Target Support Files/Pods-HistoMaps/Pods-HistoMaps-frameworks.sh\"\n";
			showEnvVarsInLog = 0;
		};
/* End PBXShellScriptBuildPhase section */

/* Begin PBXSourcesBuildPhase section */
		8C8876F32133B5D90082A73C /* Sources */ = {
			isa = PBXSourcesBuildPhase;
			buildActionMask = 2147483647;
			files = (
				8C8876FD2133B5D90082A73C /* ViewController.swift in Sources */,
				8C8876FB2133B5D90082A73C /* AppDelegate.swift in Sources */,
			);
			runOnlyForDeploymentPostprocessing = 0;
		};
/* End PBXSourcesBuildPhase section */

/* Begin PBXVariantGroup section */
		8C8876FE2133B5D90082A73C /* Main.storyboard */ = {
			isa = PBXVariantGroup;
			children = (
				8C8876FF2133B5D90082A73C /* Base */,
			);
			name = Main.storyboard;
			sourceTree = "<group>";
		};
		8C8877032133B5DB0082A73C /* LaunchScreen.storyboard */ = {
			isa = PBXVariantGroup;
			children = (
				8C8877042133B5DB0082A73C /* Base */,
			);
			name = LaunchScreen.storyboard;
			sourceTree = "<group>";
		};
/* End PBXVariantGroup section */

/* Begin XCBuildConfiguration section */
		8C8877072133B5DB0082A73C /* Debug */ = {
			isa = XCBuildConfiguration;
			buildSettings = {
				ALWAYS_SEARCH_USER_PATHS = NO;
				CLANG_ANALYZER_NONNULL = YES;
				CLANG_ANALYZER_NUMBER_OBJECT_CONVERSION = YES_AGGRESSIVE;
				CLANG_CXX_LANGUAGE_STANDARD = "gnu++14";
				CLANG_CXX_LIBRARY = "libc++";
				CLANG_ENABLE_MODULES = YES;
				CLANG_ENABLE_OBJC_ARC = YES;
				CLANG_ENABLE_OBJC_WEAK = YES;
				CLANG_WARN_BLOCK_CAPTURE_AUTORELEASING = YES;
				CLANG_WARN_BOOL_CONVERSION = YES;
				CLANG_WARN_COMMA = YES;
				CLANG_WARN_CONSTANT_CONVERSION = YES;
				CLANG_WARN_DEPRECATED_OBJC_IMPLEMENTATIONS = YES;
				CLANG_WARN_DIRECT_OBJC_ISA_USAGE = YES_ERROR;
				CLANG_WARN_DOCUMENTATION_COMMENTS = YES;
				CLANG_WARN_EMPTY_BODY = YES;
				CLANG_WARN_ENUM_CONVERSION = YES;
				CLANG_WARN_INFINITE_RECURSION = YES;
				CLANG_WARN_INT_CONVERSION = YES;
				CLANG_WARN_NON_LITERAL_NULL_CONVERSION = YES;
				CLANG_WARN_OBJC_IMPLICIT_RETAIN_SELF = YES;
				CLANG_WARN_OBJC_LITERAL_CONVERSION = YES;
				CLANG_WARN_OBJC_ROOT_CLASS = YES_ERROR;
				CLANG_WARN_RANGE_LOOP_ANALYSIS = YES;
				CLANG_WARN_STRICT_PROTOTYPES = YES;
				CLANG_WARN_SUSPICIOUS_MOVE = YES;
				CLANG_WARN_UNGUARDED_AVAILABILITY = YES_AGGRESSIVE;
				CLANG_WARN_UNREACHABLE_CODE = YES;
				CLANG_WARN__DUPLICATE_METHOD_MATCH = YES;
				CODE_SIGN_IDENTITY = "iPhone Developer";
				COPY_PHASE_STRIP = NO;
				DEBUG_INFORMATION_FORMAT = dwarf;
				ENABLE_STRICT_OBJC_MSGSEND = YES;
				ENABLE_TESTABILITY = YES;
				GCC_C_LANGUAGE_STANDARD = gnu11;
				GCC_DYNAMIC_NO_PIC = NO;
				GCC_NO_COMMON_BLOCKS = YES;
				GCC_OPTIMIZATION_LEVEL = 0;
				GCC_PREPROCESSOR_DEFINITIONS = (
					"DEBUG=1",
					"$(inherited)",
				);
				GCC_WARN_64_TO_32_BIT_CONVERSION = YES;
				GCC_WARN_ABOUT_RETURN_TYPE = YES_ERROR;
				GCC_WARN_UNDECLARED_SELECTOR = YES;
				GCC_WARN_UNINITIALIZED_AUTOS = YES_AGGRESSIVE;
				GCC_WARN_UNUSED_FUNCTION = YES;
				GCC_WARN_UNUSED_VARIABLE = YES;
				IPHONEOS_DEPLOYMENT_TARGET = 11.4;
				MTL_ENABLE_DEBUG_INFO = YES;
				ONLY_ACTIVE_ARCH = YES;
				SDKROOT = iphoneos;
				SWIFT_ACTIVE_COMPILATION_CONDITIONS = DEBUG;
				SWIFT_OPTIMIZATION_LEVEL = "-Onone";
			};
			name = Debug;
		};
		8C8877082133B5DB0082A73C /* Release */ = {
			isa = XCBuildConfiguration;
			buildSettings = {
				ALWAYS_SEARCH_USER_PATHS = NO;
				CLANG_ANALYZER_NONNULL = YES;
				CLANG_ANALYZER_NUMBER_OBJECT_CONVERSION = YES_AGGRESSIVE;
				CLANG_CXX_LANGUAGE_STANDARD = "gnu++14";
				CLANG_CXX_LIBRARY = "libc++";
				CLANG_ENABLE_MODULES = YES;
				CLANG_ENABLE_OBJC_ARC = YES;
				CLANG_ENABLE_OBJC_WEAK = YES;
				CLANG_WARN_BLOCK_CAPTURE_AUTORELEASING = YES;
				CLANG_WARN_BOOL_CONVERSION = YES;
				CLANG_WARN_COMMA = YES;
				CLANG_WARN_CONSTANT_CONVERSION = YES;
				CLANG_WARN_DEPRECATED_OBJC_IMPLEMENTATIONS = YES;
				CLANG_WARN_DIRECT_OBJC_ISA_USAGE = YES_ERROR;
				CLANG_WARN_DOCUMENTATION_COMMENTS = YES;
				CLANG_WARN_EMPTY_BODY = YES;
				CLANG_WARN_ENUM_CONVERSION = YES;
				CLANG_WARN_INFINITE_RECURSION = YES;
				CLANG_WARN_INT_CONVERSION = YES;
				CLANG_WARN_NON_LITERAL_NULL_CONVERSION = YES;
				CLANG_WARN_OBJC_IMPLICIT_RETAIN_SELF = YES;
				CLANG_WARN_OBJC_LITERAL_CONVERSION = YES;
				CLANG_WARN_OBJC_ROOT_CLASS = YES_ERROR;
				CLANG_WARN_RANGE_LOOP_ANALYSIS = YES;
				CLANG_WARN_STRICT_PROTOTYPES = YES;
				CLANG_WARN_SUSPICIOUS_MOVE = YES;
				CLANG_WARN_UNGUARDED_AVAILABILITY = YES_AGGRESSIVE;
				CLANG_WARN_UNREACHABLE_CODE = YES;
				CLANG_WARN__DUPLICATE_METHOD_MATCH = YES;
				CODE_SIGN_IDENTITY = "iPhone Developer";
				COPY_PHASE_STRIP = NO;
				DEBUG_INFORMATION_FORMAT = "dwarf-with-dsym";
				ENABLE_NS_ASSERTIONS = NO;
				ENABLE_STRICT_OBJC_MSGSEND = YES;
				GCC_C_LANGUAGE_STANDARD = gnu11;
				GCC_NO_COMMON_BLOCKS = YES;
				GCC_WARN_64_TO_32_BIT_CONVERSION = YES;
				GCC_WARN_ABOUT_RETURN_TYPE = YES_ERROR;
				GCC_WARN_UNDECLARED_SELECTOR = YES;
				GCC_WARN_UNINITIALIZED_AUTOS = YES_AGGRESSIVE;
				GCC_WARN_UNUSED_FUNCTION = YES;
				GCC_WARN_UNUSED_VARIABLE = YES;
				IPHONEOS_DEPLOYMENT_TARGET = 11.4;
				MTL_ENABLE_DEBUG_INFO = NO;
				SDKROOT = iphoneos;
				SWIFT_COMPILATION_MODE = wholemodule;
				SWIFT_OPTIMIZATION_LEVEL = "-O";
				VALIDATE_PRODUCT = YES;
			};
			name = Release;
		};
		8C88770A2133B5DB0082A73C /* Debug */ = {
			isa = XCBuildConfiguration;
			baseConfigurationReference = 693E303AA658A26ED20777A0 /* Pods-HistoMaps.debug.xcconfig */;
			buildSettings = {
				ASSETCATALOG_COMPILER_APPICON_NAME = AppIcon;
				CODE_SIGN_STYLE = Automatic;
				DEVELOPMENT_TEAM = 27DN7958Z2;
				INFOPLIST_FILE = HistoMaps/Info.plist;
				LD_RUNPATH_SEARCH_PATHS = (
					"$(inherited)",
					"@executable_path/Frameworks",
				);
				PRODUCT_BUNDLE_IDENTIFIER = com.michaeld.HistoMaps;
				PRODUCT_NAME = "$(TARGET_NAME)";
				SWIFT_VERSION = 4.0;
				TARGETED_DEVICE_FAMILY = "1,2";
			};
			name = Debug;
		};
		8C88770B2133B5DB0082A73C /* Release */ = {
			isa = XCBuildConfiguration;
			baseConfigurationReference = 20F2EF89BA715B44F58EF3F2 /* Pods-HistoMaps.release.xcconfig */;
			buildSettings = {
				ASSETCATALOG_COMPILER_APPICON_NAME = AppIcon;
				CODE_SIGN_STYLE = Automatic;
				DEVELOPMENT_TEAM = 27DN7958Z2;
				INFOPLIST_FILE = HistoMaps/Info.plist;
				LD_RUNPATH_SEARCH_PATHS = (
					"$(inherited)",
					"@executable_path/Frameworks",
				);
				PRODUCT_BUNDLE_IDENTIFIER = com.michaeld.HistoMaps;
				PRODUCT_NAME = "$(TARGET_NAME)";
				SWIFT_VERSION = 4.0;
				TARGETED_DEVICE_FAMILY = "1,2";
			};
			name = Release;
		};
/* End XCBuildConfiguration section */

/* Begin XCConfigurationList section */
		8C8876F22133B5D90082A73C /* Build configuration list for PBXProject "HistoMaps" */ = {
			isa = XCConfigurationList;
			buildConfigurations = (
				8C8877072133B5DB0082A73C /* Debug */,
				8C8877082133B5DB0082A73C /* Release */,
			);
			defaultConfigurationIsVisible = 0;
			defaultConfigurationName = Release;
		};
		8C8877092133B5DB0082A73C /* Build configuration list for PBXNativeTarget "HistoMaps" */ = {
			isa = XCConfigurationList;
			buildConfigurations = (
				8C88770A2133B5DB0082A73C /* Debug */,
				8C88770B2133B5DB0082A73C /* Release */,
			);
			defaultConfigurationIsVisible = 0;
			defaultConfigurationName = Release;
		};
/* End XCConfigurationList section */
	};
	rootObject = 8C8876EF2133B5D90082A73C /* Project object */;
}
